
Microsoft Visual Studio Solution File, Format Version 12.00
# Visual Studio Version 16
VisualStudioVersion = 16.0.29709.97
MinimumVisualStudioVersion = 10.0.40219.1
Project("{FAE04EC0-301F-11D3-BF4B-00C04F79EFBC}") = "DigitalPayments", "DigitalPayments.csproj", "{57380E8A-4184-488C-867E-D2790F9C6C1F}"
EndProject
Global
	GlobalSection(SolutionConfigurationPlatforms) = preSolution
		Debug|Any CPU = Debug|Any CPU
		Release|Any CPU = Release|Any CPU
	EndGlobalSection
	GlobalSection(ProjectConfigurationPlatforms) = postSolution
		{57380E8A-4184-488C-867E-D2790F9C6C1F}.Debug|Any CPU.ActiveCfg = Debug|Any CPU
		{57380E8A-4184-488C-867E-D2790F9C6C1F}.Debug|Any CPU.Build.0 = Debug|Any CPU
		{57380E8A-4184-488C-867E-D2790F9C6C1F}.Release|Any CPU.ActiveCfg = Release|Any CPU
		{57380E8A-4184-488C-867E-D2790F9C6C1F}.Release|Any CPU.Build.0 = Release|Any CPU
	EndGlobalSection
	GlobalSection(SolutionProperties) = preSolution
		HideSolutionNode = FALSE
	EndGlobalSection
	GlobalSection(ExtensibilityGlobals) = postSolution
		SolutionGuid = {59163CCF-4E67-4C09-B863-585A505557F7}
	EndGlobalSection
EndGlobal
